%{
  "benchee": {:hex, :benchee, "1.0.1", "66b211f9bfd84bd97e6d1beaddf8fc2312aaabe192f776e8931cb0c16f53a521", [:mix], [{:deep_merge, "~> 1.0", [hex: :deep_merge, repo: "hexpm", optional: false]}], "hexpm", "3ad58ae787e9c7c94dd7ceda3b587ec2c64604563e049b2a0e8baafae832addb"},
  "deep_merge": {:hex, :deep_merge, "1.0.0", "b4aa1a0d1acac393bdf38b2291af38cb1d4a52806cf7a4906f718e1feb5ee961", [:mix], [], "hexpm", "ce708e5f094b9cd4e8f2be4f00d2f4250c4095be93f8cd6d018c753894885430"},
  "earmark": {:hex, :earmark, "1.4.5", "62ffd3bd7722fb7a7b1ecd2419ea0b458c356e7168c1f5d65caf09b4fbdd13c8", [:mix], [], "hexpm", "b7d0e6263d83dc27141a523467799a685965bf8b13b6743413f19a7079843f4f"},
  "ex_doc": {:hex, :ex_doc, "0.22.1", "9bb6d51508778193a4ea90fa16eac47f8b67934f33f8271d5e1edec2dc0eee4c", [:mix], [{:earmark, "~> 1.4.0", [hex: :earmark, repo: "hexpm", optional: false]}, {:makeup_elixir, "~> 0.14", [hex: :makeup_elixir, repo: "hexpm", optional: false]}], "hexpm", "d957de1b75cb9f78d3ee17820733dc4460114d8b1e11f7ee4fd6546e69b1db60"},
  "flow": {:hex, :flow, "0.15.0", "503717c0e367b5713336181d5305106840f64abbad32c75d7af5ef1bb0908e38", [:mix], [{:gen_stage, "~> 0.14.0", [hex: :gen_stage, repo: "hexpm", optional: false]}], "hexpm", "d7ecbd4dd38a188494bc996d5014ef8335f436a0b262140a1f6441ae94714581"},
  "gen_stage": {:hex, :gen_stage, "0.14.3", "d0c66f1c87faa301c1a85a809a3ee9097a4264b2edf7644bf5c123237ef732bf", [:mix], [], "hexpm", "8453e2289d94c3199396eb517d65d6715ef26bcae0ee83eb5ff7a84445458d76"},
  "jason": {:hex, :jason, "1.1.2", "b03dedea67a99223a2eaf9f1264ce37154564de899fd3d8b9a21b1a6fd64afe7", [:mix], [{:decimal, "~> 1.0", [hex: :decimal, repo: "hexpm", optional: true]}], "hexpm", "fdf843bca858203ae1de16da2ee206f53416bbda5dc8c9e78f43243de4bc3afe"},
  "makeup": {:hex, :makeup, "1.0.3", "e339e2f766d12e7260e6672dd4047405963c5ec99661abdc432e6ec67d29ef95", [:mix], [{:nimble_parsec, "~> 0.5", [hex: :nimble_parsec, repo: "hexpm", optional: false]}], "hexpm", "2e9b4996d11832947731f7608fed7ad2f9443011b3b479ae288011265cdd3dad"},
  "makeup_elixir": {:hex, :makeup_elixir, "0.14.1", "4f0e96847c63c17841d42c08107405a005a2680eb9c7ccadfd757bd31dabccfb", [:mix], [{:makeup, "~> 1.0", [hex: :makeup, repo: "hexpm", optional: false]}], "hexpm", "f2438b1a80eaec9ede832b5c41cd4f373b38fd7aa33e3b22d9db79e640cbde11"},
  "meeseeks": {:hex, :meeseeks, "0.15.1", "148d5d9ea879cdb415b8bc4162ac5528f9a2fe42fbfe1802c681a2842cb1c0a4", [:mix], [{:meeseeks_html5ever, "~> 0.12.1", [hex: :meeseeks_html5ever, repo: "hexpm", optional: false]}], "hexpm", "5589957b7cca75e6683cecc308253d7854f43b07806939d7031b81ca6e8abd98"},
  "meeseeks_html5ever": {:hex, :meeseeks_html5ever, "0.12.1", "718fab10d05b83204524a518b2b88caa37ba6a6e02f82e80d6a7bc47552fb54a", [:mix], [{:rustler, "~> 0.21.0", [hex: :rustler, repo: "hexpm", optional: false]}], "hexpm", "11489094637f49a26bad4610a9138352c8d229339d888169cb35b08cdfd8861a"},
  "nimble_parsec": {:hex, :nimble_parsec, "0.6.0", "32111b3bf39137144abd7ba1cce0914533b2d16ef35e8abc5ec8be6122944263", [:mix], [], "hexpm", "27eac315a94909d4dc68bc07a4a83e06c8379237c5ea528a9acff4ca1c873c52"},
  "rustler": {:hex, :rustler, "0.21.1", "5299980be32da997c54382e945bacaa015ed97a60745e1e639beaf6a7b278c65", [:mix], [{:toml, "~> 0.5.2", [hex: :toml, repo: "hexpm", optional: false]}], "hexpm", "6ee1651e10645b2b2f3bb70502bf180341aa058709177e9bc28c105934094bc6"},
  "sweet_xml": {:hex, :sweet_xml, "0.6.6", "fc3e91ec5dd7c787b6195757fbcf0abc670cee1e4172687b45183032221b66b8", [:mix], [], "hexpm", "2e1ec458f892ffa81f9f8386e3f35a1af6db7a7a37748a64478f13163a1f3573"},
  "toml": {:hex, :toml, "0.5.2", "e471388a8726d1ce51a6b32f864b8228a1eb8edc907a0edf2bb50eab9321b526", [:mix], [], "hexpm", "f1e3dabef71fb510d015fad18c0e05e7c57281001141504c6b69d94e99750a07"},
}
